
Microsoft Visual Studio Solution File, Format Version 12.00
# Visual Studio Version 16
VisualStudioVersion = 16.0.30204.135
MinimumVisualStudioVersion = 10.0.40219.1
Project("{FAE04EC0-301F-11D3-BF4B-00C04F79EFBC}") = "DapperGeneric", "DapperGeneric\DapperGeneric.csproj", "{2495E1AD-0C1D-454D-943A-F12D35F6F856}"
EndProject
Project("{FAE04EC0-301F-11D3-BF4B-00C04F79EFBC}") = "DapperGeneric_v2", "DapperGeneric_v2\DapperGeneric_v2.csproj", "{37FB41D2-4C11-46EF-B08D-7083CA4D9360}"
EndProject
Global
	GlobalSection(SolutionConfigurationPlatforms) = preSolution
		Debug|Any CPU = Debug|Any CPU
		Release|Any CPU = Release|Any CPU
	EndGlobalSection
	GlobalSection(ProjectConfigurationPlatforms) = postSolution
		{2495E1AD-0C1D-454D-943A-F12D35F6F856}.Debug|Any CPU.ActiveCfg = Debug|Any CPU
		{2495E1AD-0C1D-454D-943A-F12D35F6F856}.Debug|Any CPU.Build.0 = Debug|Any CPU
		{2495E1AD-0C1D-454D-943A-F12D35F6F856}.Release|Any CPU.ActiveCfg = Release|Any CPU
		{2495E1AD-0C1D-454D-943A-F12D35F6F856}.Release|Any CPU.Build.0 = Release|Any CPU
		{37FB41D2-4C11-46EF-B08D-7083CA4D9360}.Debug|Any CPU.ActiveCfg = Debug|Any CPU
		{37FB41D2-4C11-46EF-B08D-7083CA4D9360}.Debug|Any CPU.Build.0 = Debug|Any CPU
		{37FB41D2-4C11-46EF-B08D-7083CA4D9360}.Release|Any CPU.ActiveCfg = Release|Any CPU
		{37FB41D2-4C11-46EF-B08D-7083CA4D9360}.Release|Any CPU.Build.0 = Release|Any CPU
	EndGlobalSection
	GlobalSection(SolutionProperties) = preSolution
		HideSolutionNode = FALSE
	EndGlobalSection
	GlobalSection(ExtensibilityGlobals) = postSolution
		SolutionGuid = {F00C8CBF-6E95-4ED8-917B-CFFFB9AD7DD3}
	EndGlobalSection
EndGlobal
